
Microsoft Visual Studio Solution File, Format Version 12.00
# Visual Studio Version 17
VisualStudioVersion = 17.8.34330.188
MinimumVisualStudioVersion = 10.0.40219.1
Project("{FAE04EC0-301F-11D3-BF4B-00C04F79EFBC}") = "BobSysWeb", "BobSysWeb\BobSysWeb.csproj", "{246A7C15-5ED5-46A3-A398-AFF24E82CFDE}"
EndProject
Global
	GlobalSection(SolutionConfigurationPlatforms) = preSolution
		Debug|Any CPU = Debug|Any CPU
		Release|Any CPU = Release|Any CPU
	EndGlobalSection
	GlobalSection(ProjectConfigurationPlatforms) = postSolution
		{246A7C15-5ED5-46A3-A398-AFF24E82CFDE}.Debug|Any CPU.ActiveCfg = Debug|Any CPU
		{246A7C15-5ED5-46A3-A398-AFF24E82CFDE}.Debug|Any CPU.Build.0 = Debug|Any CPU
		{246A7C15-5ED5-46A3-A398-AFF24E82CFDE}.Release|Any CPU.ActiveCfg = Release|Any CPU
		{246A7C15-5ED5-46A3-A398-AFF24E82CFDE}.Release|Any CPU.Build.0 = Release|Any CPU
	EndGlobalSection
	GlobalSection(SolutionProperties) = preSolution
		HideSolutionNode = FALSE
	EndGlobalSection
	GlobalSection(ExtensibilityGlobals) = postSolution
		SolutionGuid = {BF7D00BB-47FF-47A2-A0B1-783840AAE8D7}
	EndGlobalSection
EndGlobal
